
Microsoft Visual Studio Solution File, Format Version 12.00
# Visual Studio 15
Project("{FAE04EC0-301F-11D3-BF4B-00C04F79EFBC}") = "xmfunny", "Assembly-CSharp.csproj", "{E04278C2-062E-37E9-1642-EC086ECA8501}"
EndProject
Project("{FAE04EC0-301F-11D3-BF4B-00C04F79EFBC}") = "xmfunny", "Assembly-CSharp-Editor.csproj", "{234E454B-C36E-E8BC-5D5B-276C2D5698EB}"
EndProject
Global
	GlobalSection(SolutionConfigurationPlatforms) = preSolution
		Debug|Any CPU = Debug|Any CPU
		Release|Any CPU = Release|Any CPU
	EndGlobalSection
	GlobalSection(ProjectConfigurationPlatforms) = postSolution
		{E04278C2-062E-37E9-1642-EC086ECA8501}.Debug|Any CPU.ActiveCfg = Debug|Any CPU
		{E04278C2-062E-37E9-1642-EC086ECA8501}.Debug|Any CPU.Build.0 = Debug|Any CPU
		{E04278C2-062E-37E9-1642-EC086ECA8501}.Release|Any CPU.ActiveCfg = Release|Any CPU
		{E04278C2-062E-37E9-1642-EC086ECA8501}.Release|Any CPU.Build.0 = Release|Any CPU
		{234E454B-C36E-E8BC-5D5B-276C2D5698EB}.Debug|Any CPU.ActiveCfg = Debug|Any CPU
		{234E454B-C36E-E8BC-5D5B-276C2D5698EB}.Debug|Any CPU.Build.0 = Debug|Any CPU
		{234E454B-C36E-E8BC-5D5B-276C2D5698EB}.Release|Any CPU.ActiveCfg = Release|Any CPU
		{234E454B-C36E-E8BC-5D5B-276C2D5698EB}.Release|Any CPU.Build.0 = Release|Any CPU
	EndGlobalSection
	GlobalSection(SolutionProperties) = preSolution
		HideSolutionNode = FALSE
	EndGlobalSection
EndGlobal
